
Microsoft Visual Studio Solution File, Format Version 11.00
# Visual Studio 2010
# SharpDevelop 4.4
Project("{FD48973F-F585-4F70-812B-4D0503B36CE9}") = "Prog152a", "Prog152a\Prog152a.pyproj", "{6F37E9F4-7FCB-4EA9-B028-03F0B0FD88DD}"
EndProject
Global
	GlobalSection(SolutionConfigurationPlatforms) = preSolution
		Debug|Any CPU = Debug|Any CPU
		Release|Any CPU = Release|Any CPU
	EndGlobalSection
	GlobalSection(ProjectConfigurationPlatforms) = postSolution
		{6F37E9F4-7FCB-4EA9-B028-03F0B0FD88DD}.Debug|Any CPU.Build.0 = Debug|Any CPU
		{6F37E9F4-7FCB-4EA9-B028-03F0B0FD88DD}.Debug|Any CPU.ActiveCfg = Debug|Any CPU
		{6F37E9F4-7FCB-4EA9-B028-03F0B0FD88DD}.Release|Any CPU.Build.0 = Release|Any CPU
		{6F37E9F4-7FCB-4EA9-B028-03F0B0FD88DD}.Release|Any CPU.ActiveCfg = Release|Any CPU
	EndGlobalSection
EndGlobal
