
Microsoft Visual Studio Solution File, Format Version 11.00
# Visual Studio 2010
# SharpDevelop 4.4
Project("{FD48973F-F585-4F70-812B-4D0503B36CE9}") = "Prog 54a", "Prog 54a\Prog 54a.pyproj", "{548734DD-BFBB-4C21-9179-A5AFF8467359}"
EndProject
Global
	GlobalSection(SolutionConfigurationPlatforms) = preSolution
		Debug|Any CPU = Debug|Any CPU
		Release|Any CPU = Release|Any CPU
	EndGlobalSection
	GlobalSection(ProjectConfigurationPlatforms) = postSolution
		{548734DD-BFBB-4C21-9179-A5AFF8467359}.Debug|Any CPU.Build.0 = Debug|Any CPU
		{548734DD-BFBB-4C21-9179-A5AFF8467359}.Debug|Any CPU.ActiveCfg = Debug|Any CPU
		{548734DD-BFBB-4C21-9179-A5AFF8467359}.Release|Any CPU.Build.0 = Release|Any CPU
		{548734DD-BFBB-4C21-9179-A5AFF8467359}.Release|Any CPU.ActiveCfg = Release|Any CPU
	EndGlobalSection
EndGlobal
