
Microsoft Visual Studio Solution File, Format Version 11.00
# Visual Studio 2010
# SharpDevelop 4.4
Project("{FD48973F-F585-4F70-812B-4D0503B36CE9}") = "Prog88a", "Prog88a\Prog88a.pyproj", "{C97720CF-B41C-450D-BFAA-008FA8FD324F}"
EndProject
Global
	GlobalSection(SolutionConfigurationPlatforms) = preSolution
		Debug|Any CPU = Debug|Any CPU
		Release|Any CPU = Release|Any CPU
	EndGlobalSection
	GlobalSection(ProjectConfigurationPlatforms) = postSolution
		{C97720CF-B41C-450D-BFAA-008FA8FD324F}.Debug|Any CPU.Build.0 = Debug|Any CPU
		{C97720CF-B41C-450D-BFAA-008FA8FD324F}.Debug|Any CPU.ActiveCfg = Debug|Any CPU
		{C97720CF-B41C-450D-BFAA-008FA8FD324F}.Release|Any CPU.Build.0 = Release|Any CPU
		{C97720CF-B41C-450D-BFAA-008FA8FD324F}.Release|Any CPU.ActiveCfg = Release|Any CPU
	EndGlobalSection
EndGlobal
