
Microsoft Visual Studio Solution File, Format Version 11.00
# Visual Studio 2010
# SharpDevelop 4.4
Project("{FD48973F-F585-4F70-812B-4D0503B36CE9}") = "Slot Machine", "Slot Machine\Slot Machine.pyproj", "{5ABDFBB9-D18C-46B6-AFF8-D5DA4C6DA0EA}"
EndProject
Global
	GlobalSection(SolutionConfigurationPlatforms) = preSolution
		Debug|Any CPU = Debug|Any CPU
		Release|Any CPU = Release|Any CPU
	EndGlobalSection
	GlobalSection(ProjectConfigurationPlatforms) = postSolution
		{5ABDFBB9-D18C-46B6-AFF8-D5DA4C6DA0EA}.Debug|Any CPU.Build.0 = Debug|Any CPU
		{5ABDFBB9-D18C-46B6-AFF8-D5DA4C6DA0EA}.Debug|Any CPU.ActiveCfg = Debug|Any CPU
		{5ABDFBB9-D18C-46B6-AFF8-D5DA4C6DA0EA}.Release|Any CPU.Build.0 = Release|Any CPU
		{5ABDFBB9-D18C-46B6-AFF8-D5DA4C6DA0EA}.Release|Any CPU.ActiveCfg = Release|Any CPU
	EndGlobalSection
EndGlobal
