
Microsoft Visual Studio Solution File, Format Version 11.00
# Visual Studio 2010
# SharpDevelop 4.4
Project("{FD48973F-F585-4F70-812B-4D0503B36CE9}") = "Prog 96a", "Prog 96a\Prog 96a.pyproj", "{4965EB45-BF1D-4564-BAB3-56785527ABE1}"
EndProject
Global
	GlobalSection(SolutionConfigurationPlatforms) = preSolution
		Debug|Any CPU = Debug|Any CPU
		Release|Any CPU = Release|Any CPU
	EndGlobalSection
	GlobalSection(ProjectConfigurationPlatforms) = postSolution
		{4965EB45-BF1D-4564-BAB3-56785527ABE1}.Debug|Any CPU.Build.0 = Debug|Any CPU
		{4965EB45-BF1D-4564-BAB3-56785527ABE1}.Debug|Any CPU.ActiveCfg = Debug|Any CPU
		{4965EB45-BF1D-4564-BAB3-56785527ABE1}.Release|Any CPU.Build.0 = Release|Any CPU
		{4965EB45-BF1D-4564-BAB3-56785527ABE1}.Release|Any CPU.ActiveCfg = Release|Any CPU
	EndGlobalSection
EndGlobal
